hash: dd213a495774cbb43d76e1c8941ea3debc67cecf7707827ae24da1c0a3fc45ed
updated: 2018-09-18T17:23:52.603240632+08:00
imports:
- name: github.com/gizak/termui
  version: bf53c5cbea3f372f745e1d8e4660e29f73d41517
- name: github.com/gogo/protobuf
  version: 636bf0302bc95575d69441b25a2603156ffdddf1
  subpackages:
  - proto
- name: github.com/golang/protobuf
  version: aa810b61a9c79d51363740d207bb46cf8e620ed5
  subpackages:
  - proto
- name: github.com/maruel/panicparse
  version: f20d4c4d746f810c9110e21928d4135e1f2a3efa
  subpackages:
  - stack
- name: github.com/mattn/go-runewidth
  version: ce7b0b5c7b45a81508558cd1dba6bb1e4ddb51bb
- name: github.com/mitchellh/go-wordwrap
  version: 9e67c67572bc5dd02aef930e2b0ae3c02a4b5a5c
- name: github.com/nsf/termbox-go
  version: b66b20ab708e289ff1eb3e218478302e6aec28ce
- name: github.com/wuqifei/server_lib
  version: 76c56513923c6c38a7a6448c2e4bc5b6d9555134
  subpackages:
  - concurrent
  - libencrypt/aes_ecb_encrypt
  - libencrypt/base64_encrypt
  - libencrypt/rsa_encrypt
  - libfile
  - libio
  - libnet2
  - librand
  - libtime
  - logs2
  - logs_plugin
  - signal
testImports: []
